
Microsoft Visual Studio Solution File, Format Version 12.00
# Visual Studio Version 17
VisualStudioVersion = 17.5.33424.131
MinimumVisualStudioVersion = 10.0.40219.1
Project("{FAE04EC0-301F-11D3-BF4B-00C04F79EFBC}") = "EmployeesApp", "EmployeesApp\EmployeesApp.csproj", "{D9C27236-053A-43C4-BA18-E967A3B4AE79}"
EndProject
Project("{FAE04EC0-301F-11D3-BF4B-00C04F79EFBC}") = "EmployeeApp.Domain", "EmployeeApp.Domain\EmployeeApp.Domain.csproj", "{55965BF1-4CFF-473D-8E3D-268100633E12}"
EndProject
Global
	GlobalSection(SolutionConfigurationPlatforms) = preSolution
		Debug|Any CPU = Debug|Any CPU
		Release|Any CPU = Release|Any CPU
	EndGlobalSection
	GlobalSection(ProjectConfigurationPlatforms) = postSolution
		{D9C27236-053A-43C4-BA18-E967A3B4AE79}.Debug|Any CPU.ActiveCfg = Debug|Any CPU
		{D9C27236-053A-43C4-BA18-E967A3B4AE79}.Debug|Any CPU.Build.0 = Debug|Any CPU
		{D9C27236-053A-43C4-BA18-E967A3B4AE79}.Release|Any CPU.ActiveCfg = Release|Any CPU
		{D9C27236-053A-43C4-BA18-E967A3B4AE79}.Release|Any CPU.Build.0 = Release|Any CPU
		{55965BF1-4CFF-473D-8E3D-268100633E12}.Debug|Any CPU.ActiveCfg = Debug|Any CPU
		{55965BF1-4CFF-473D-8E3D-268100633E12}.Debug|Any CPU.Build.0 = Debug|Any CPU
		{55965BF1-4CFF-473D-8E3D-268100633E12}.Release|Any CPU.ActiveCfg = Release|Any CPU
		{55965BF1-4CFF-473D-8E3D-268100633E12}.Release|Any CPU.Build.0 = Release|Any CPU
	EndGlobalSection
	GlobalSection(SolutionProperties) = preSolution
		HideSolutionNode = FALSE
	EndGlobalSection
	GlobalSection(ExtensibilityGlobals) = postSolution
		SolutionGuid = {8820700B-8CFD-446C-8F58-1221581FFD07}
	EndGlobalSection
EndGlobal
